<Solution>
  <Folder Name="/src/">
    <Project Path="src/Notelet.Core/Notelet.Core.csproj" />
    <Project Path="src/Notelet/Notelet.csproj" />
  </Folder>
  <Folder Name="/tests/">
    <Project Path="tests/Notelet.Core.Tests/Notelet.Core.Tests.csproj" />
  </Folder>
  <Folder Name="/tools/">
    <Project Path="tools/ApiDump/ApiDump.csproj" />
    <Project Path="tools/VerifyRegistration/VerifyRegistration.csproj" />
  </Folder>
</Solution>
